<?xml version="1.0" encoding="utf-8"?>
<Project ToolsVersion="4.0" xmlns="http://schemas.microsoft.com/developer/msbuild/2003">
  <ItemGroup>
    <Filter Include="Resource Files">
      <UniqueIdentifier>{67DA6AB6-F800-4c08-8B7A-83BB121AAD01}</UniqueIdentifier>
      <Extensions>rc;ico;cur;bmp;dlg;rc2;rct;bin;rgs;gif;jpg;jpeg;jpe;resx;tiff;tif;png;wav;mfcribbon-ms</Extensions>
    </Filter>
    <Filter Include="Header">
      <UniqueIdentifier>{e812ab73-96d8-4cae-a95c-07748204073d}</UniqueIdentifier>
    </Filter>
    <Filter Include="Src">
      <UniqueIdentifier>{d7e3dbcd-ed06-4f56-9ac6-92910495844f}</UniqueIdentifier>
    </Filter>
  </ItemGroup>
  <ItemGroup>
    <ClInclude Include="Include\JSFSocket.h">
      <Filter>Header</Filter>
    </ClInclude>
    <ClInclude Include="Include\JSFTypeDefs.h">
      <Filter>Header</Filter>
    </ClInclude>
    <ClInclude Include="Include\JSFMemoryPool.h">
      <Filter>Header</Filter>
    </ClInclude>
    <ClInclude Include="Include\JSFThreadLock.h">
      <Filter>Header</Filter>
    </ClInclude>
    <ClInclude Include="Include\JSFSocketRingBuffer.h">
      <Filter>Header</Filter>
    </ClInclude>
    <ClInclude Include="Include\JSFSocketWrapper.h">
      <Filter>Header</Filter>
    </ClInclude>
    <ClInclude Include="Include\JSFServerSocketsMgr.h">
      <Filter>Header</Filter>
    </ClInclude>
    <ClInclude Include="Include\JSFThread.h">
      <Filter>Header</Filter>
    </ClInclude>
    <ClInclude Include="Include\JSFServer.h">
      <Filter>Header</Filter>
    </ClInclude>
    <ClInclude Include="Include\JSFClientProperty.h">
      <Filter>Header</Filter>
    </ClInclude>
    <ClInclude Include="Include\JSFPacket.h">
      <Filter>Header</Filter>
    </ClInclude>
    <ClInclude Include="Include\JSFOnPacketThread.h">
      <Filter>Header</Filter>
    </ClInclude>
  </ItemGroup>
  <ItemGroup>
    <ClCompile Include="Src\JSFSocket.cpp">
      <Filter>Src</Filter>
    </ClCompile>
    <ClCompile Include="Src\JSFThreadLock.cpp">
      <Filter>Src</Filter>
    </ClCompile>
    <ClCompile Include="src\JSFSocketWrapper.cpp">
      <Filter>Src</Filter>
    </ClCompile>
    <ClCompile Include="Src\JSFServerSocketsMgr.cpp">
      <Filter>Src</Filter>
    </ClCompile>
    <ClCompile Include="Src\JSFThread.cpp">
      <Filter>Src</Filter>
    </ClCompile>
    <ClCompile Include="Src\JSFServer.cpp">
      <Filter>Src</Filter>
    </ClCompile>
    <ClCompile Include="Src\JSFClientProperty.cpp">
      <Filter>Src</Filter>
    </ClCompile>
    <ClCompile Include="Src\JSFOnPacketThread.cpp">
      <Filter>Src</Filter>
    </ClCompile>
  </ItemGroup>
</Project>